
Microsoft Visual Studio Solution File, Format Version 12.00
# Visual Studio 15
Project("{FAE04EC0-301F-11D3-BF4B-00C04F79EFBC}") = "ejercicio9", "ejercicio9\ejercicio9.csproj", "{980AACAC-8C06-45A1-B531-B29E7DF3C38D}"
EndProject
Global
	GlobalSection(SolutionConfigurationPlatforms) = preSolution
		Debug|Any CPU = Debug|Any CPU
		Release|Any CPU = Release|Any CPU
	EndGlobalSection
	GlobalSection(ProjectConfigurationPlatforms) = postSolution
		{980AACAC-8C06-45A1-B531-B29E7DF3C38D}.Debug|Any CPU.ActiveCfg = Debug|Any CPU
		{980AACAC-8C06-45A1-B531-B29E7DF3C38D}.Debug|Any CPU.Build.0 = Debug|Any CPU
		{980AACAC-8C06-45A1-B531-B29E7DF3C38D}.Release|Any CPU.ActiveCfg = Release|Any CPU
		{980AACAC-8C06-45A1-B531-B29E7DF3C38D}.Release|Any CPU.Build.0 = Release|Any CPU
	EndGlobalSection
EndGlobal
