
Microsoft Visual Studio Solution File, Format Version 12.00
# Visual Studio 15
Project("{FAE04EC0-301F-11D3-BF4B-00C04F79EFBC}") = "Ejercicio6", "Ejercicio6\Ejercicio6.csproj", "{CA64C768-58A0-43EE-8DE1-AEB4547D7C4F}"
EndProject
Global
	GlobalSection(SolutionConfigurationPlatforms) = preSolution
		Debug|Any CPU = Debug|Any CPU
		Release|Any CPU = Release|Any CPU
	EndGlobalSection
	GlobalSection(ProjectConfigurationPlatforms) = postSolution
		{CA64C768-58A0-43EE-8DE1-AEB4547D7C4F}.Debug|Any CPU.ActiveCfg = Debug|Any CPU
		{CA64C768-58A0-43EE-8DE1-AEB4547D7C4F}.Debug|Any CPU.Build.0 = Debug|Any CPU
		{CA64C768-58A0-43EE-8DE1-AEB4547D7C4F}.Release|Any CPU.ActiveCfg = Release|Any CPU
		{CA64C768-58A0-43EE-8DE1-AEB4547D7C4F}.Release|Any CPU.Build.0 = Release|Any CPU
	EndGlobalSection
EndGlobal
