
Microsoft Visual Studio Solution File, Format Version 12.00
# Visual Studio Version 16
VisualStudioVersion = 16.0.29926.136
MinimumVisualStudioVersion = 10.0.40219.1
Project("{FAE04EC0-301F-11D3-BF4B-00C04F79EFBC}") = "SumaParcialesListBox", "SumaParcialesListBox\SumaParcialesListBox.csproj", "{C5C3715D-54AF-4867-9B76-6CF46217D6FC}"
EndProject
Global
	GlobalSection(SolutionConfigurationPlatforms) = preSolution
		Debug|Any CPU = Debug|Any CPU
		Release|Any CPU = Release|Any CPU
	EndGlobalSection
	GlobalSection(ProjectConfigurationPlatforms) = postSolution
		{C5C3715D-54AF-4867-9B76-6CF46217D6FC}.Debug|Any CPU.ActiveCfg = Debug|Any CPU
		{C5C3715D-54AF-4867-9B76-6CF46217D6FC}.Debug|Any CPU.Build.0 = Debug|Any CPU
		{C5C3715D-54AF-4867-9B76-6CF46217D6FC}.Release|Any CPU.ActiveCfg = Release|Any CPU
		{C5C3715D-54AF-4867-9B76-6CF46217D6FC}.Release|Any CPU.Build.0 = Release|Any CPU
	EndGlobalSection
	GlobalSection(SolutionProperties) = preSolution
		HideSolutionNode = FALSE
	EndGlobalSection
	GlobalSection(ExtensibilityGlobals) = postSolution
		SolutionGuid = {73C64921-92EB-482C-9140-59221D32C3CB}
	EndGlobalSection
EndGlobal
