
Microsoft Visual Studio Solution File, Format Version 12.00
# Visual Studio 15
Project("{FAE04EC0-301F-11D3-BF4B-00C04F79EFBC}") = "Ejercicio10", "Ejercicio10\Ejercicio10.csproj", "{AB1D5990-0FA0-416A-AF45-6744E7054541}"
EndProject
Global
	GlobalSection(SolutionConfigurationPlatforms) = preSolution
		Debug|Any CPU = Debug|Any CPU
		Release|Any CPU = Release|Any CPU
	EndGlobalSection
	GlobalSection(ProjectConfigurationPlatforms) = postSolution
		{AB1D5990-0FA0-416A-AF45-6744E7054541}.Debug|Any CPU.ActiveCfg = Debug|Any CPU
		{AB1D5990-0FA0-416A-AF45-6744E7054541}.Debug|Any CPU.Build.0 = Debug|Any CPU
		{AB1D5990-0FA0-416A-AF45-6744E7054541}.Release|Any CPU.ActiveCfg = Release|Any CPU
		{AB1D5990-0FA0-416A-AF45-6744E7054541}.Release|Any CPU.Build.0 = Release|Any CPU
	EndGlobalSection
EndGlobal
